
Microsoft Visual Studio Solution File, Format Version 12.00
# Visual Studio Version 16
VisualStudioVersion = 16.0.31515.178
MinimumVisualStudioVersion = 10.0.40219.1
Project("{888888A0-9F3D-457C-B088-3A5042F75D52}") = "ProjectPT1", "ProjectPT1.pyproj", "{E95A7177-98F6-451C-9AD4-E4718A6D1C98}"
EndProject
Global
	GlobalSection(SolutionConfigurationPlatforms) = preSolution
		Debug|Any CPU = Debug|Any CPU
		Release|Any CPU = Release|Any CPU
	EndGlobalSection
	GlobalSection(ProjectConfigurationPlatforms) = postSolution
		{E95A7177-98F6-451C-9AD4-E4718A6D1C98}.Debug|Any CPU.ActiveCfg = Debug|Any CPU
		{E95A7177-98F6-451C-9AD4-E4718A6D1C98}.Release|Any CPU.ActiveCfg = Release|Any CPU
	EndGlobalSection
	GlobalSection(SolutionProperties) = preSolution
		HideSolutionNode = FALSE
	EndGlobalSection
	GlobalSection(ExtensibilityGlobals) = postSolution
		SolutionGuid = {1D02903A-9552-4B98-A9D9-6E1D4DE014AB}
	EndGlobalSection
EndGlobal
